// !$*UTF8*$!
{
	archiveVersion = 1;
	classes = {
	};
	objectVersion = 55;
	objects = {

/* Begin PBXBuildFile section */
		097DFC78276D5A94006A5AA0 /* AppDelegate.swift in Sources */ = {isa = PBXBuildFile; fileRef = 097DFC77276D5A94006A5AA0 /* AppDelegate.swift */; };
		097DFC7A276D5A94006A5AA0 /* SceneDelegate.swift in Sources */ = {isa = PBXBuildFile; fileRef = 097DFC79276D5A94006A5AA0 /* SceneDelegate.swift */; };
		097DFC7C276D5A94006A5AA0 /* ViewController.swift in Sources */ = {isa = PBXBuildFile; fileRef = 097DFC7B276D5A94006A5AA0 /* ViewController.swift */; };
		097DFC7F276D5A94006A5AA0 /* Main.storyboard in Resources */ = {isa = PBXBuildFile; fileRef = 097DFC7D276D5A94006A5AA0 /* Main.storyboard */; };
		097DFC81276D5A99006A5AA0 /* Assets.xcassets in Resources */ = {isa = PBXBuildFile; fileRef = 097DFC80276D5A99006A5AA0 /* Assets.xcassets */; };
		097DFC84276D5A99006A5AA0 /* LaunchScreen.storyboard in Resources */ = {isa = PBXBuildFile; fileRef = 097DFC82276D5A99006A5AA0 /* LaunchScreen.storyboard */; };
		097DFC8F276D5A9A006A5AA0 /* ChatTests.swift in Sources */ = {isa = PBXBuildFile; fileRef = 097DFC8E276D5A9A006A5AA0 /* ChatTests.swift */; };
		097DFC99276D5A9B006A5AA0 /* ChatUITests.swift in Sources */ = {isa = PBXBuildFile; fileRef = 097DFC98276D5A9B006A5AA0 /* ChatUITests.swift */; };
		097DFC9B276D5A9B006A5AA0 /* ChatUITestsLaunchTests.swift in Sources */ = {isa = PBXBuildFile; fileRef = 097DFC9A276D5A9B006A5AA0 /* ChatUITestsLaunchTests.swift */; };
/* End PBXBuildFile section */

/* Begin PBXContainerItemProxy section */
		097DFC8B276D5A9A006A5AA0 /* PBXContainerItemProxy */ = {
			isa = PBXContainerItemProxy;
			containerPortal = 097DFC6C276D5A94006A5AA0 /* Project object */;
			proxyType = 1;
			remoteGlobalIDString = 097DFC73276D5A94006A5AA0;
			remoteInfo = Chat;
		};
		097DFC95276D5A9A006A5AA0 /* PBXContainerItemProxy */ = {
			isa = PBXContainerItemProxy;
			containerPortal = 097DFC6C276D5A94006A5AA0 /* Project object */;
			proxyType = 1;
			remoteGlobalIDString = 097DFC73276D5A94006A5AA0;
			remoteInfo = Chat;
		};
/* End PBXContainerItemProxy section */

/* Begin PBXFileReference section */
		097DFC74276D5A94006A5AA0 /* Chat.app */ = {isa = PBXFileReference; explicitFileType = wrapper.application; includeInIndex = 0; path = Chat.app; sourceTree = BUILT_PRODUCTS_DIR; };
		097DFC77276D5A94006A5AA0 /* AppDelegate.swift */ = {isa = PBXFileReference; lastKnownFileType = sourcecode.swift; path = AppDelegate.swift; sourceTree = "<group>"; };
		097DFC79276D5A94006A5AA0 /* SceneDelegate.swift */ = {isa = PBXFileReference; lastKnownFileType = sourcecode.swift; path = SceneDelegate.swift; sourceTree = "<group>"; };
		097DFC7B276D5A94006A5AA0 /* ViewController.swift */ = {isa = PBXFileReference; lastKnownFileType = sourcecode.swift; path = ViewController.swift; sourceTree = "<group>"; };
		097DFC7E276D5A94006A5AA0 /* Base */ = {isa = PBXFileReference; lastKnownFileType = file.storyboard; name = Base; path = Base.lproj/Main.storyboard; sourceTree = "<group>"; };
		097DFC80276D5A99006A5AA0 /* Assets.xcassets */ = {isa = PBXFileReference; lastKnownFileType = folder.assetcatalog; path = Assets.xcassets; sourceTree = "<group>"; };
		097DFC83276D5A99006A5AA0 /* Base */ = {isa = PBXFileReference; lastKnownFileType = file.storyboard; name = Base; path = Base.lproj/LaunchScreen.storyboard; sourceTree = "<group>"; };
		097DFC85276D5A99006A5AA0 /* Info.plist */ = {isa = PBXFileReference; lastKnownFileType = text.plist.xml; path = Info.plist; sourceTree = "<group>"; };
		097DFC8A276D5A9A006A5AA0 /* ChatTests.xctest */ = {isa = PBXFileReference; explicitFileType = wrapper.cfbundle; includeInIndex = 0; path = ChatTests.xctest; sourceTree = BUILT_PRODUCTS_DIR; };
		097DFC8E276D5A9A006A5AA0 /* ChatTests.swift */ = {isa = PBXFileReference; lastKnownFileType = sourcecode.swift; path = ChatTests.swift; sourceTree = "<group>"; };
		097DFC94276D5A9A006A5AA0 /* ChatUITests.xctest */ = {isa = PBXFileReference; explicitFileType = wrapper.cfbundle; includeInIndex = 0; path = ChatUITests.xctest; sourceTree = BUILT_PRODUCTS_DIR; };
		097DFC98276D5A9B006A5AA0 /* ChatUITests.swift */ = {isa = PBXFileReference; lastKnownFileType = sourcecode.swift; path = ChatUITests.swift; sourceTree = "<group>"; };
		097DFC9A276D5A9B006A5AA0 /* ChatUITestsLaunchTests.swift */ = {isa = PBXFileReference; lastKnownFileType = sourcecode.swift; path = ChatUITestsLaunchTests.swift; sourceTree = "<group>"; };
/* End PBXFileReference section */

/* Begin PBXFrameworksBuildPhase section */
		097DFC71276D5A94006A5AA0 /* Frameworks */ = {
			isa = PBXFrameworksBuildPhase;
			buildActionMask = 2147483647;
			files = (
			);
			runOnlyForDeploymentPostprocessing = 0;
		};
		097DFC87276D5A9A006A5AA0 /* Frameworks */ = {
			isa = PBXFrameworksBuildPhase;
			buildActionMask = 2147483647;
			files = (
			);
			runOnlyForDeploymentPostprocessing = 0;
		};
		097DFC91276D5A9A006A5AA0 /* Frameworks */ = {
			isa = PBXFrameworksBuildPhase;
			buildActionMask = 2147483647;
			files = (
			);
			runOnlyForDeploymentPostprocessing = 0;
		};
/* End PBXFrameworksBuildPhase section */

/* Begin PBXGroup section */
		097DFC6B276D5A94006A5AA0 = {
			isa = PBXGroup;
			children = (
				097DFC76276D5A94006A5AA0 /* Chat */,
				097DFC8D276D5A9A006A5AA0 /* ChatTests */,
				097DFC97276D5A9B006A5AA0 /* ChatUITests */,
				097DFC75276D5A94006A5AA0 /* Products */,
			);
			sourceTree = "<group>";
		};
		097DFC75276D5A94006A5AA0 /* Products */ = {
			isa = PBXGroup;
			children = (
				097DFC74276D5A94006A5AA0 /* Chat.app */,
				097DFC8A276D5A9A006A5AA0 /* ChatTests.xctest */,
				097DFC94276D5A9A006A5AA0 /* ChatUITests.xctest */,
			);
			name = Products;
			sourceTree = "<group>";
		};
		097DFC76276D5A94006A5AA0 /* Chat */ = {
			isa = PBXGroup;
			children = (
				097DFC77276D5A94006A5AA0 /* AppDelegate.swift */,
				097DFC79276D5A94006A5AA0 /* SceneDelegate.swift */,
				097DFC7B276D5A94006A5AA0 /* ViewController.swift */,
				097DFC7D276D5A94006A5AA0 /* Main.storyboard */,
				097DFC80276D5A99006A5AA0 /* Assets.xcassets */,
				097DFC82276D5A99006A5AA0 /* LaunchScreen.storyboard */,
				097DFC85276D5A99006A5AA0 /* Info.plist */,
			);
			path = Chat;
			sourceTree = "<group>";
		};
		097DFC8D276D5A9A006A5AA0 /* ChatTests */ = {
			isa = PBXGroup;
			children = (
				097DFC8E276D5A9A006A5AA0 /* ChatTests.swift */,
			);
			path = ChatTests;
			sourceTree = "<group>";
		};
		097DFC97276D5A9B006A5AA0 /* ChatUITests */ = {
			isa = PBXGroup;
			children = (
				097DFC98276D5A9B006A5AA0 /* ChatUITests.swift */,
				097DFC9A276D5A9B006A5AA0 /* ChatUITestsLaunchTests.swift */,
			);
			path = ChatUITests;
			sourceTree = "<group>";
		};
/* End PBXGroup section */

/* Begin PBXNativeTarget section */
		097DFC73276D5A94006A5AA0 /* Chat */ = {
			isa = PBXNativeTarget;
			buildConfigurationList = 097DFC9E276D5A9B006A5AA0 /* Build configuration list for PBXNativeTarget "Chat" */;
			buildPhases = (
				097DFC70276D5A94006A5AA0 /* Sources */,
				097DFC71276D5A94006A5AA0 /* Frameworks */,
				097DFC72276D5A94006A5AA0 /* Resources */,
			);
			buildRules = (
			);
			dependencies = (
			);
			name = Chat;
			productName = Chat;
			productReference = 097DFC74276D5A94006A5AA0 /* Chat.app */;
			productType = "com.apple.product-type.application";
		};
		097DFC89276D5A9A006A5AA0 /* ChatTests */ = {
			isa = PBXNativeTarget;
			buildConfigurationList = 097DFCA1276D5A9B006A5AA0 /* Build configuration list for PBXNativeTarget "ChatTests" */;
			buildPhases = (
				097DFC86276D5A9A006A5AA0 /* Sources */,
				097DFC87276D5A9A006A5AA0 /* Frameworks */,
				097DFC88276D5A9A006A5AA0 /* Resources */,
			);
			buildRules = (
			);
			dependencies = (
				097DFC8C276D5A9A006A5AA0 /* PBXTargetDependency */,
			);
			name = ChatTests;
			productName = ChatTests;
			productReference = 097DFC8A276D5A9A006A5AA0 /* ChatTests.xctest */;
			productType = "com.apple.product-type.bundle.unit-test";
		};
		097DFC93276D5A9A006A5AA0 /* ChatUITests */ = {
			isa = PBXNativeTarget;
			buildConfigurationList = 097DFCA4276D5A9B006A5AA0 /* Build configuration list for PBXNativeTarget "ChatUITests" */;
			buildPhases = (
				097DFC90276D5A9A006A5AA0 /* Sources */,
				097DFC91276D5A9A006A5AA0 /* Frameworks */,
				097DFC92276D5A9A006A5AA0 /* Resources */,
			);
			buildRules = (
			);
			dependencies = (
				097DFC96276D5A9A006A5AA0 /* PBXTargetDependency */,
			);
			name = ChatUITests;
			productName = ChatUITests;
			productReference = 097DFC94276D5A9A006A5AA0 /* ChatUITests.xctest */;
			productType = "com.apple.product-type.bundle.ui-testing";
		};
/* End PBXNativeTarget section */

/* Begin PBXProject section */
		097DFC6C276D5A94006A5AA0 /* Project object */ = {
			isa = PBXProject;
			attributes = {
				BuildIndependentTargetsInParallel = 1;
				LastSwiftUpdateCheck = 1310;
				LastUpgradeCheck = 1310;
				TargetAttributes = {
					097DFC73276D5A94006A5AA0 = {
						CreatedOnToolsVersion = 13.1;
					};
					097DFC89276D5A9A006A5AA0 = {
						CreatedOnToolsVersion = 13.1;
						TestTargetID = 097DFC73276D5A94006A5AA0;
					};
					097DFC93276D5A9A006A5AA0 = {
						CreatedOnToolsVersion = 13.1;
						TestTargetID = 097DFC73276D5A94006A5AA0;
					};
				};
			};
			buildConfigurationList = 097DFC6F276D5A94006A5AA0 /* Build configuration list for PBXProject "Chat" */;
			compatibilityVersion = "Xcode 13.0";
			developmentRegion = en;
			hasScannedForEncodings = 0;
			knownRegions = (
				en,
				Base,
			);
			mainGroup = 097DFC6B276D5A94006A5AA0;
			productRefGroup = 097DFC75276D5A94006A5AA0 /* Products */;
			projectDirPath = "";
			projectRoot = "";
			targets = (
				097DFC73276D5A94006A5AA0 /* Chat */,
				097DFC89276D5A9A006A5AA0 /* ChatTests */,
				097DFC93276D5A9A006A5AA0 /* ChatUITests */,
			);
		};
/* End PBXProject section */

/* Begin PBXResourcesBuildPhase section */
		097DFC72276D5A94006A5AA0 /* Resources */ = {
			isa = PBXResourcesBuildPhase;
			buildActionMask = 2147483647;
			files = (
				097DFC84276D5A99006A5AA0 /* LaunchScreen.storyboard in Resources */,
				097DFC81276D5A99006A5AA0 /* Assets.xcassets in Resources */,
				097DFC7F276D5A94006A5AA0 /* Main.storyboard in Resources */,
			);
			runOnlyForDeploymentPostprocessing = 0;
		};
		097DFC88276D5A9A006A5AA0 /* Resources */ = {
			isa = PBXResourcesBuildPhase;
			buildActionMask = 2147483647;
			files = (
			);
			runOnlyForDeploymentPostprocessing = 0;
		};
		097DFC92276D5A9A006A5AA0 /* Resources */ = {
			isa = PBXResourcesBuildPhase;
			buildActionMask = 2147483647;
			files = (
			);
			runOnlyForDeploymentPostprocessing = 0;
		};
/* End PBXResourcesBuildPhase section */

/* Begin PBXSourcesBuildPhase section */
		097DFC70276D5A94006A5AA0 /* Sources */ = {
			isa = PBXSourcesBuildPhase;
			buildActionMask = 2147483647;
			files = (
				097DFC7C276D5A94006A5AA0 /* ViewController.swift in Sources */,
				097DFC78276D5A94006A5AA0 /* AppDelegate.swift in Sources */,
				097DFC7A276D5A94006A5AA0 /* SceneDelegate.swift in Sources */,
			);
			runOnlyForDeploymentPostprocessing = 0;
		};
		097DFC86276D5A9A006A5AA0 /* Sources */ = {
			isa = PBXSourcesBuildPhase;
			buildActionMask = 2147483647;
			files = (
				097DFC8F276D5A9A006A5AA0 /* ChatTests.swift in Sources */,
			);
			runOnlyForDeploymentPostprocessing = 0;
		};
		097DFC90276D5A9A006A5AA0 /* Sources */ = {
			isa = PBXSourcesBuildPhase;
			buildActionMask = 2147483647;
			files = (
				097DFC9B276D5A9B006A5AA0 /* ChatUITestsLaunchTests.swift in Sources */,
				097DFC99276D5A9B006A5AA0 /* ChatUITests.swift in Sources */,
			);
			runOnlyForDeploymentPostprocessing = 0;
		};
/* End PBXSourcesBuildPhase section */

/* Begin PBXTargetDependency section */
		097DFC8C276D5A9A006A5AA0 /* PBXTargetDependency */ = {
			isa = PBXTargetDependency;
			target = 097DFC73276D5A94006A5AA0 /* Chat */;
			targetProxy = 097DFC8B276D5A9A006A5AA0 /* PBXContainerItemProxy */;
		};
		097DFC96276D5A9A006A5AA0 /* PBXTargetDependency */ = {
			isa = PBXTargetDependency;
			target = 097DFC73276D5A94006A5AA0 /* Chat */;
			targetProxy = 097DFC95276D5A9A006A5AA0 /* PBXContainerItemProxy */;
		};
/* End PBXTargetDependency section */

/* Begin PBXVariantGroup section */
		097DFC7D276D5A94006A5AA0 /* Main.storyboard */ = {
			isa = PBXVariantGroup;
			children = (
				097DFC7E276D5A94006A5AA0 /* Base */,
			);
			name = Main.storyboard;
			sourceTree = "<group>";
		};
		097DFC82276D5A99006A5AA0 /* LaunchScreen.storyboard */ = {
			isa = PBXVariantGroup;
			children = (
				097DFC83276D5A99006A5AA0 /* Base */,
			);
			name = LaunchScreen.storyboard;
			sourceTree = "<group>";
		};
/* End PBXVariantGroup section */

/* Begin XCBuildConfiguration section */
		097DFC9C276D5A9B006A5AA0 /* Debug */ = {
			isa = XCBuildConfiguration;
			buildSettings = {
				ALWAYS_SEARCH_USER_PATHS = NO;
				CLANG_ANALYZER_NONNULL = YES;
				CLANG_ANALYZER_NUMBER_OBJECT_CONVERSION = YES_AGGRESSIVE;
				CLANG_CXX_LANGUAGE_STANDARD = "gnu++17";
				CLANG_CXX_LIBRARY = "libc++";
				CLANG_ENABLE_MODULES = YES;
				CLANG_ENABLE_OBJC_ARC = YES;
				CLANG_ENABLE_OBJC_WEAK = YES;
				CLANG_WARN_BLOCK_CAPTURE_AUTORELEASING = YES;
				CLANG_WARN_BOOL_CONVERSION = YES;
				CLANG_WARN_COMMA = YES;
				CLANG_WARN_CONSTANT_CONVERSION = YES;
				CLANG_WARN_DEPRECATED_OBJC_IMPLEMENTATIONS = YES;
				CLANG_WARN_DIRECT_OBJC_ISA_USAGE = YES_ERROR;
				CLANG_WARN_DOCUMENTATION_COMMENTS = YES;
				CLANG_WARN_EMPTY_BODY = YES;
				CLANG_WARN_ENUM_CONVERSION = YES;
				CLANG_WARN_INFINITE_RECURSION = YES;
				CLANG_WARN_INT_CONVERSION = YES;
				CLANG_WARN_NON_LITERAL_NULL_CONVERSION = YES;
				CLANG_WARN_OBJC_IMPLICIT_RETAIN_SELF = YES;
				CLANG_WARN_OBJC_LITERAL_CONVERSION = YES;
				CLANG_WARN_OBJC_ROOT_CLASS = YES_ERROR;
				CLANG_WARN_QUOTED_INCLUDE_IN_FRAMEWORK_HEADER = YES;
				CLANG_WARN_RANGE_LOOP_ANALYSIS = YES;
				CLANG_WARN_STRICT_PROTOTYPES = YES;
				CLANG_WARN_SUSPICIOUS_MOVE = YES;
				CLANG_WARN_UNGUARDED_AVAILABILITY = YES_AGGRESSIVE;
				CLANG_WARN_UNREACHABLE_CODE = YES;
				CLANG_WARN__DUPLICATE_METHOD_MATCH = YES;
				COPY_PHASE_STRIP = NO;
				DEBUG_INFORMATION_FORMAT = dwarf;
				ENABLE_STRICT_OBJC_MSGSEND = YES;
				ENABLE_TESTABILITY = YES;
				GCC_C_LANGUAGE_STANDARD = gnu11;
				GCC_DYNAMIC_NO_PIC = NO;
				GCC_NO_COMMON_BLOCKS = YES;
				GCC_OPTIMIZATION_LEVEL = 0;
				GCC_PREPROCESSOR_DEFINITIONS = (
					"DEBUG=1",
					"$(inherited)",
				);
				GCC_WARN_64_TO_32_BIT_CONVERSION = YES;
				GCC_WARN_ABOUT_RETURN_TYPE = YES_ERROR;
				GCC_WARN_UNDECLARED_SELECTOR = YES;
				GCC_WARN_UNINITIALIZED_AUTOS = YES_AGGRESSIVE;
				GCC_WARN_UNUSED_FUNCTION = YES;
				GCC_WARN_UNUSED_VARIABLE = YES;
				IPHONEOS_DEPLOYMENT_TARGET = 15.0;
				MTL_ENABLE_DEBUG_INFO = INCLUDE_SOURCE;
				MTL_FAST_MATH = YES;
				ONLY_ACTIVE_ARCH = YES;
				SDKROOT = iphoneos;
				SWIFT_ACTIVE_COMPILATION_CONDITIONS = DEBUG;
				SWIFT_OPTIMIZATION_LEVEL = "-Onone";
			};
			name = Debug;
		};
		097DFC9D276D5A9B006A5AA0 /* Release */ = {
			isa = XCBuildConfiguration;
			buildSettings = {
				ALWAYS_SEARCH_USER_PATHS = NO;
				CLANG_ANALYZER_NONNULL = YES;
				CLANG_ANALYZER_NUMBER_OBJECT_CONVERSION = YES_AGGRESSIVE;
				CLANG_CXX_LANGUAGE_STANDARD = "gnu++17";
				CLANG_CXX_LIBRARY = "libc++";
				CLANG_ENABLE_MODULES = YES;
				CLANG_ENABLE_OBJC_ARC = YES;
				CLANG_ENABLE_OBJC_WEAK = YES;
				CLANG_WARN_BLOCK_CAPTURE_AUTORELEASING = YES;
				CLANG_WARN_BOOL_CONVERSION = YES;
				CLANG_WARN_COMMA = YES;
				CLANG_WARN_CONSTANT_CONVERSION = YES;
				CLANG_WARN_DEPRECATED_OBJC_IMPLEMENTATIONS = YES;
				CLANG_WARN_DIRECT_OBJC_ISA_USAGE = YES_ERROR;
				CLANG_WARN_DOCUMENTATION_COMMENTS = YES;
				CLANG_WARN_EMPTY_BODY = YES;
				CLANG_WARN_ENUM_CONVERSION = YES;
				CLANG_WARN_INFINITE_RECURSION = YES;
				CLANG_WARN_INT_CONVERSION = YES;
				CLANG_WARN_NON_LITERAL_NULL_CONVERSION = YES;
				CLANG_WARN_OBJC_IMPLICIT_RETAIN_SELF = YES;
				CLANG_WARN_OBJC_LITERAL_CONVERSION = YES;
				CLANG_WARN_OBJC_ROOT_CLASS = YES_ERROR;
				CLANG_WARN_QUOTED_INCLUDE_IN_FRAMEWORK_HEADER = YES;
				CLANG_WARN_RANGE_LOOP_ANALYSIS = YES;
				CLANG_WARN_STRICT_PROTOTYPES = YES;
				CLANG_WARN_SUSPICIOUS_MOVE = YES;
				CLANG_WARN_UNGUARDED_AVAILABILITY = YES_AGGRESSIVE;
				CLANG_WARN_UNREACHABLE_CODE = YES;
				CLANG_WARN__DUPLICATE_METHOD_MATCH = YES;
				COPY_PHASE_STRIP = NO;
				DEBUG_INFORMATION_FORMAT = "dwarf-with-dsym";
				ENABLE_NS_ASSERTIONS = NO;
				ENABLE_STRICT_OBJC_MSGSEND = YES;
				GCC_C_LANGUAGE_STANDARD = gnu11;
				GCC_NO_COMMON_BLOCKS = YES;
				GCC_WARN_64_TO_32_BIT_CONVERSION = YES;
				GCC_WARN_ABOUT_RETURN_TYPE = YES_ERROR;
				GCC_WARN_UNDECLARED_SELECTOR = YES;
				GCC_WARN_UNINITIALIZED_AUTOS = YES_AGGRESSIVE;
				GCC_WARN_UNUSED_FUNCTION = YES;
				GCC_WARN_UNUSED_VARIABLE = YES;
				IPHONEOS_DEPLOYMENT_TARGET = 15.0;
				MTL_ENABLE_DEBUG_INFO = NO;
				MTL_FAST_MATH = YES;
				SDKROOT = iphoneos;
				SWIFT_COMPILATION_MODE = wholemodule;
				SWIFT_OPTIMIZATION_LEVEL = "-O";
				VALIDATE_PRODUCT = YES;
			};
			name = Release;
		};
		097DFC9F276D5A9B006A5AA0 /* Debug */ = {
			isa = XCBuildConfiguration;
			buildSettings = {
				ASSETCATALOG_COMPILER_APPICON_NAME = AppIcon;
				ASSETCATALOG_COMPILER_GLOBAL_ACCENT_COLOR_NAME = AccentColor;
				CODE_SIGN_STYLE = Automatic;
				CURRENT_PROJECT_VERSION = 1;
				DEVELOPMENT_TEAM = 5WR73Q6863;
				GENERATE_INFOPLIST_FILE = YES;
				INFOPLIST_FILE = Chat/Info.plist;
				INFOPLIST_KEY_UIApplicationSupportsIndirectInputEvents = YES;
				INFOPLIST_KEY_UILaunchStoryboardName = LaunchScreen;
				INFOPLIST_KEY_UIMainStoryboardFile = Main;
				INFOPLIST_KEY_UISupportedInterfaceOrientations_iPad = "UIInterfaceOrientationPortrait UIInterfaceOrientationPortraitUpsideDown UIInterfaceOrientationLandscapeLeft UIInterfaceOrientationLandscapeRight";
				INFOPLIST_KEY_UISupportedInterfaceOrientations_iPhone = "UIInterfaceOrientationPortrait UIInterfaceOrientationLandscapeLeft UIInterfaceOrientationLandscapeRight";
				LD_RUNPATH_SEARCH_PATHS = (
					"$(inherited)",
					"@executable_path/Frameworks",
				);
				MARKETING_VERSION = 1.0;
				PRODUCT_BUNDLE_IDENTIFIER = com.adriancysvillegas.Chat;
				PRODUCT_NAME = "$(TARGET_NAME)";
				SWIFT_EMIT_LOC_STRINGS = YES;
				SWIFT_VERSION = 5.0;
				TARGETED_DEVICE_FAMILY = "1,2";
			};
			name = Debug;
		};
		097DFCA0276D5A9B006A5AA0 /* Release */ = {
			isa = XCBuildConfiguration;
			buildSettings = {
				ASSETCATALOG_COMPILER_APPICON_NAME = AppIcon;
				ASSETCATALOG_COMPILER_GLOBAL_ACCENT_COLOR_NAME = AccentColor;
				CODE_SIGN_STYLE = Automatic;
				CURRENT_PROJECT_VERSION = 1;
				DEVELOPMENT_TEAM = 5WR73Q6863;
				GENERATE_INFOPLIST_FILE = YES;
				INFOPLIST_FILE = Chat/Info.plist;
				INFOPLIST_KEY_UIApplicationSupportsIndirectInputEvents = YES;
				INFOPLIST_KEY_UILaunchStoryboardName = LaunchScreen;
				INFOPLIST_KEY_UIMainStoryboardFile = Main;
				INFOPLIST_KEY_UISupportedInterfaceOrientations_iPad = "UIInterfaceOrientationPortrait UIInterfaceOrientationPortraitUpsideDown UIInterfaceOrientationLandscapeLeft UIInterfaceOrientationLandscapeRight";
				INFOPLIST_KEY_UISupportedInterfaceOrientations_iPhone = "UIInterfaceOrientationPortrait UIInterfaceOrientationLandscapeLeft UIInterfaceOrientationLandscapeRight";
				LD_RUNPATH_SEARCH_PATHS = (
					"$(inherited)",
					"@executable_path/Frameworks",
				);
				MARKETING_VERSION = 1.0;
				PRODUCT_BUNDLE_IDENTIFIER = com.adriancysvillegas.Chat;
				PRODUCT_NAME = "$(TARGET_NAME)";
				SWIFT_EMIT_LOC_STRINGS = YES;
				SWIFT_VERSION = 5.0;
				TARGETED_DEVICE_FAMILY = "1,2";
			};
			name = Release;
		};
		097DFCA2276D5A9B006A5AA0 /* Debug */ = {
			isa = XCBuildConfiguration;
			buildSettings = {
				ALWAYS_EMBED_SWIFT_STANDARD_LIBRARIES = YES;
				BUNDLE_LOADER = "$(TEST_HOST)";
				CODE_SIGN_STYLE = Automatic;
				CURRENT_PROJECT_VERSION = 1;
				DEVELOPMENT_TEAM = 5WR73Q6863;
				GENERATE_INFOPLIST_FILE = YES;
				IPHONEOS_DEPLOYMENT_TARGET = 15.0;
				LD_RUNPATH_SEARCH_PATHS = (
					"$(inherited)",
					"@executable_path/Frameworks",
					"@loader_path/Frameworks",
				);
				MARKETING_VERSION = 1.0;
				PRODUCT_BUNDLE_IDENTIFIER = com.adriancysvillegas.ChatTests;
				PRODUCT_NAME = "$(TARGET_NAME)";
				SWIFT_EMIT_LOC_STRINGS = NO;
				SWIFT_VERSION = 5.0;
				TARGETED_DEVICE_FAMILY = "1,2";
				TEST_HOST = "$(BUILT_PRODUCTS_DIR)/Chat.app/Chat";
			};
			name = Debug;
		};
		097DFCA3276D5A9B006A5AA0 /* Release */ = {
			isa = XCBuildConfiguration;
			buildSettings = {
				ALWAYS_EMBED_SWIFT_STANDARD_LIBRARIES = YES;
				BUNDLE_LOADER = "$(TEST_HOST)";
				CODE_SIGN_STYLE = Automatic;
				CURRENT_PROJECT_VERSION = 1;
				DEVELOPMENT_TEAM = 5WR73Q6863;
				GENERATE_INFOPLIST_FILE = YES;
				IPHONEOS_DEPLOYMENT_TARGET = 15.0;
				LD_RUNPATH_SEARCH_PATHS = (
					"$(inherited)",
					"@executable_path/Frameworks",
					"@loader_path/Frameworks",
				);
				MARKETING_VERSION = 1.0;
				PRODUCT_BUNDLE_IDENTIFIER = com.adriancysvillegas.ChatTests;
				PRODUCT_NAME = "$(TARGET_NAME)";
				SWIFT_EMIT_LOC_STRINGS = NO;
				SWIFT_VERSION = 5.0;
				TARGETED_DEVICE_FAMILY = "1,2";
				TEST_HOST = "$(BUILT_PRODUCTS_DIR)/Chat.app/Chat";
			};
			name = Release;
		};
		097DFCA5276D5A9B006A5AA0 /* Debug */ = {
			isa = XCBuildConfiguration;
			buildSettings = {
				ALWAYS_EMBED_SWIFT_STANDARD_LIBRARIES = YES;
				CODE_SIGN_STYLE = Automatic;
				CURRENT_PROJECT_VERSION = 1;
				DEVELOPMENT_TEAM = 5WR73Q6863;
				GENERATE_INFOPLIST_FILE = YES;
				LD_RUNPATH_SEARCH_PATHS = (
					"$(inherited)",
					"@executable_path/Frameworks",
					"@loader_path/Frameworks",
				);
				MARKETING_VERSION = 1.0;
				PRODUCT_BUNDLE_IDENTIFIER = com.adriancysvillegas.ChatUITests;
				PRODUCT_NAME = "$(TARGET_NAME)";
				SWIFT_EMIT_LOC_STRINGS = NO;
				SWIFT_VERSION = 5.0;
				TARGETED_DEVICE_FAMILY = "1,2";
				TEST_TARGET_NAME = Chat;
			};
			name = Debug;
		};
		097DFCA6276D5A9B006A5AA0 /* Release */ = {
			isa = XCBuildConfiguration;
			buildSettings = {
				ALWAYS_EMBED_SWIFT_STANDARD_LIBRARIES = YES;
				CODE_SIGN_STYLE = Automatic;
				CURRENT_PROJECT_VERSION = 1;
				DEVELOPMENT_TEAM = 5WR73Q6863;
				GENERATE_INFOPLIST_FILE = YES;
				LD_RUNPATH_SEARCH_PATHS = (
					"$(inherited)",
					"@executable_path/Frameworks",
					"@loader_path/Frameworks",
				);
				MARKETING_VERSION = 1.0;
				PRODUCT_BUNDLE_IDENTIFIER = com.adriancysvillegas.ChatUITests;
				PRODUCT_NAME = "$(TARGET_NAME)";
				SWIFT_EMIT_LOC_STRINGS = NO;
				SWIFT_VERSION = 5.0;
				TARGETED_DEVICE_FAMILY = "1,2";
				TEST_TARGET_NAME = Chat;
			};
			name = Release;
		};
/* End XCBuildConfiguration section */

/* Begin XCConfigurationList section */
		097DFC6F276D5A94006A5AA0 /* Build configuration list for PBXProject "Chat" */ = {
			isa = XCConfigurationList;
			buildConfigurations = (
				097DFC9C276D5A9B006A5AA0 /* Debug */,
				097DFC9D276D5A9B006A5AA0 /* Release */,
			);
			defaultConfigurationIsVisible = 0;
			defaultConfigurationName = Release;
		};
		097DFC9E276D5A9B006A5AA0 /* Build configuration list for PBXNativeTarget "Chat" */ = {
			isa = XCConfigurationList;
			buildConfigurations = (
				097DFC9F276D5A9B006A5AA0 /* Debug */,
				097DFCA0276D5A9B006A5AA0 /* Release */,
			);
			defaultConfigurationIsVisible = 0;
			defaultConfigurationName = Release;
		};
		097DFCA1276D5A9B006A5AA0 /* Build configuration list for PBXNativeTarget "ChatTests" */ = {
			isa = XCConfigurationList;
			buildConfigurations = (
				097DFCA2276D5A9B006A5AA0 /* Debug */,
				097DFCA3276D5A9B006A5AA0 /* Release */,
			);
			defaultConfigurationIsVisible = 0;
			defaultConfigurationName = Release;
		};
		097DFCA4276D5A9B006A5AA0 /* Build configuration list for PBXNativeTarget "ChatUITests" */ = {
			isa = XCConfigurationList;
			buildConfigurations = (
				097DFCA5276D5A9B006A5AA0 /* Debug */,
				097DFCA6276D5A9B006A5AA0 /* Release */,
			);
			defaultConfigurationIsVisible = 0;
			defaultConfigurationName = Release;
		};
/* End XCConfigurationList section */
	};
	rootObject = 097DFC6C276D5A94006A5AA0 /* Project object */;
}
